
Microsoft Visual Studio Solution File, Format Version 12.00
# Visual Studio 14
VisualStudioVersion = 14.0.25420.1
MinimumVisualStudioVersion = 10.0.40219.1
Project("{FAE04EC0-301F-11D3-BF4B-00C04F79EFBC}") = "SampleApp", "SampleApp\SampleApp\SampleApp.csproj", "{789FE89C-9EE1-4843-B680-14AF22E15515}"
EndProject
Project("{FAE04EC0-301F-11D3-BF4B-00C04F79EFBC}") = "SampleApp.Droid", "SampleApp\SampleApp.Droid\SampleApp.Droid.csproj", "{D84A9EE2-DBD3-45C5-B602-3C89FD59355A}"
EndProject
Project("{FAE04EC0-301F-11D3-BF4B-00C04F79EFBC}") = "SampleApp.iOS", "SampleApp\SampleApp.iOS\SampleApp.iOS.csproj", "{AA98B2D3-9A0C-4472-862D-D1FED8911E4E}"
EndProject
Project("{FAE04EC0-301F-11D3-BF4B-00C04F79EFBC}") = "SampleApp.WinPhone", "SampleApp\SampleApp.WinPhone\SampleApp.WinPhone.csproj", "{1B1E1015-2483-40B8-BB17-C233DE7C5399}"
EndProject
Project("{FAE04EC0-301F-11D3-BF4B-00C04F79EFBC}") = "SampleApp.UWP", "SampleApp\SampleApp.UWP\SampleApp.UWP.csproj", "{34CEE419-5065-4724-8BB5-B69748B3C856}"
EndProject
Project("{FAE04EC0-301F-11D3-BF4B-00C04F79EFBC}") = "SampleApp.Windows", "SampleApp\SampleApp.Windows\SampleApp.Windows.csproj", "{5D615888-4FF1-4221-8041-D59F8A8D450F}"
EndProject
Project("{FAE04EC0-301F-11D3-BF4B-00C04F79EFBC}") = "Xam.Plugin", "..\Xam.Plugin.PopupMenu\Xam.Plugin\Xam.Plugin.csproj", "{8CED5218-382E-44F4-8699-D366D30FF168}"
EndProject
Project("{FAE04EC0-301F-11D3-BF4B-00C04F79EFBC}") = "Xam.Plugin.Droid", "..\Xam.Plugin.PopupMenu\Xam.Plugin.Droid\Xam.Plugin.Droid.csproj", "{649559C6-1971-4B2E-B433-7CCE59F8CE78}"
EndProject
Project("{D954291E-2A0B-460D-934E-DC6B0785DB48}") = "Xam.Plugin.Shared", "..\Xam.Plugin.PopupMenu\Xam.Plugin.Shared\Xam.Plugin.Shared.shproj", "{D0EDDC64-73FD-4D76-98D6-AC66DFF7561B}"
EndProject
Project("{FAE04EC0-301F-11D3-BF4B-00C04F79EFBC}") = "Xam.Plugin.UWP", "..\Xam.Plugin.PopupMenu\Xam.Plugin.UWP\Xam.Plugin.UWP.csproj", "{08D09329-A33F-4A32-986C-A9F274099BEE}"
EndProject
Project("{FAE04EC0-301F-11D3-BF4B-00C04F79EFBC}") = "Xam.Plugin.WindowsStore", "..\Xam.Plugin.PopupMenu\Xam.Plugin.WindowsStore\Xam.Plugin.WindowsStore.csproj", "{7DCF6EC9-1095-4C06-A36F-34D25AA99F85}"
EndProject
Project("{FAE04EC0-301F-11D3-BF4B-00C04F79EFBC}") = "Xam.Plugin.WindowsPhone", "..\Xam.Plugin.PopupMenu\Xam.Plugin.WindowsPhone\Xam.Plugin.WindowsPhone.csproj", "{D8B6B84F-A10B-421E-9864-45918A74E4E3}"
EndProject
Project("{FAE04EC0-301F-11D3-BF4B-00C04F79EFBC}") = "Xam.Plugin.iOS", "..\Xam.Plugin.PopupMenu\Xam.Plugin.iOS\Xam.Plugin.iOS.csproj", "{14F70C11-966D-469E-B507-66F5B9172056}"
EndProject
Global
	GlobalSection(SharedMSBuildProjectFiles) = preSolution
		..\Xam.Plugin.PopupMenu\Xam.Plugin.Shared\Xam.Plugin.Shared.projitems*{08d09329-a33f-4a32-986c-a9f274099bee}*SharedItemsImports = 4
		..\Xam.Plugin.PopupMenu\Xam.Plugin.Shared\Xam.Plugin.Shared.projitems*{7dcf6ec9-1095-4c06-a36f-34d25aa99f85}*SharedItemsImports = 4
		..\Xam.Plugin.PopupMenu\Xam.Plugin.Shared\Xam.Plugin.Shared.projitems*{d0eddc64-73fd-4d76-98d6-ac66dff7561b}*SharedItemsImports = 13
		..\Xam.Plugin.PopupMenu\Xam.Plugin.Shared\Xam.Plugin.Shared.projitems*{d8b6b84f-a10b-421e-9864-45918a74e4e3}*SharedItemsImports = 4
	EndGlobalSection
	GlobalSection(SolutionConfigurationPlatforms) = preSolution
		Ad-Hoc|Any CPU = Ad-Hoc|Any CPU
		Ad-Hoc|ARM = Ad-Hoc|ARM
		Ad-Hoc|iPhone = Ad-Hoc|iPhone
		Ad-Hoc|iPhoneSimulator = Ad-Hoc|iPhoneSimulator
		Ad-Hoc|x64 = Ad-Hoc|x64
		Ad-Hoc|x86 = Ad-Hoc|x86
		AppStore|Any CPU = AppStore|Any CPU
		AppStore|ARM = AppStore|ARM
		AppStore|iPhone = AppStore|iPhone
		AppStore|iPhoneSimulator = AppStore|iPhoneSimulator
		AppStore|x64 = AppStore|x64
		AppStore|x86 = AppStore|x86
		Debug|Any CPU = Debug|Any CPU
		Debug|ARM = Debug|ARM
		Debug|iPhone = Debug|iPhone
		Debug|iPhoneSimulator = Debug|iPhoneSimulator
		Debug|x64 = Debug|x64
		Debug|x86 = Debug|x86
		Release|Any CPU = Release|Any CPU
		Release|ARM = Release|ARM
		Release|iPhone = Release|iPhone
		Release|iPhoneSimulator = Release|iPhoneSimulator
		Release|x64 = Release|x64
		Release|x86 = Release|x86
	EndGlobalSection
	GlobalSection(ProjectConfigurationPlatforms) = postSolution
		{789FE89C-9EE1-4843-B680-14AF22E15515}.Ad-Hoc|Any CPU.ActiveCfg = Release|Any CPU
		{789FE89C-9EE1-4843-B680-14AF22E15515}.Ad-Hoc|Any CPU.Build.0 = Release|Any CPU
		{789FE89C-9EE1-4843-B680-14AF22E15515}.Ad-Hoc|ARM.ActiveCfg = Release|Any CPU
		{789FE89C-9EE1-4843-B680-14AF22E15515}.Ad-Hoc|ARM.Build.0 = Release|Any CPU
		{789FE89C-9EE1-4843-B680-14AF22E15515}.Ad-Hoc|iPhone.ActiveCfg = Release|Any CPU
		{789FE89C-9EE1-4843-B680-14AF22E15515}.Ad-Hoc|iPhone.Build.0 = Release|Any CPU
		{789FE89C-9EE1-4843-B680-14AF22E15515}.Ad-Hoc|iPhoneSimulator.ActiveCfg = Release|Any CPU
		{789FE89C-9EE1-4843-B680-14AF22E15515}.Ad-Hoc|iPhoneSimulator.Build.0 = Release|Any CPU
		{789FE89C-9EE1-4843-B680-14AF22E15515}.Ad-Hoc|x64.ActiveCfg = Release|Any CPU
		{789FE89C-9EE1-4843-B680-14AF22E15515}.Ad-Hoc|x64.Build.0 = Release|Any CPU
		{789FE89C-9EE1-4843-B680-14AF22E15515}.Ad-Hoc|x86.ActiveCfg = Release|Any CPU
		{789FE89C-9EE1-4843-B680-14AF22E15515}.Ad-Hoc|x86.Build.0 = Release|Any CPU
		{789FE89C-9EE1-4843-B680-14AF22E15515}.AppStore|Any CPU.ActiveCfg = Release|Any CPU
		{789FE89C-9EE1-4843-B680-14AF22E15515}.AppStore|Any CPU.Build.0 = Release|Any CPU
		{789FE89C-9EE1-4843-B680-14AF22E15515}.AppStore|ARM.ActiveCfg = Release|Any CPU
		{789FE89C-9EE1-4843-B680-14AF22E15515}.AppStore|ARM.Build.0 = Release|Any CPU
		{789FE89C-9EE1-4843-B680-14AF22E15515}.AppStore|iPhone.ActiveCfg = Release|Any CPU
		{789FE89C-9EE1-4843-B680-14AF22E15515}.AppStore|iPhone.Build.0 = Release|Any CPU
		{789FE89C-9EE1-4843-B680-14AF22E15515}.AppStore|iPhoneSimulator.ActiveCfg = Release|Any CPU
		{789FE89C-9EE1-4843-B680-14AF22E15515}.AppStore|iPhoneSimulator.Build.0 = Release|Any CPU
		{789FE89C-9EE1-4843-B680-14AF22E15515}.AppStore|x64.ActiveCfg = Release|Any CPU
		{789FE89C-9EE1-4843-B680-14AF22E15515}.AppStore|x64.Build.0 = Release|Any CPU
		{789FE89C-9EE1-4843-B680-14AF22E15515}.AppStore|x86.ActiveCfg = Release|Any CPU
		{789FE89C-9EE1-4843-B680-14AF22E15515}.AppStore|x86.Build.0 = Release|Any CPU
		{789FE89C-9EE1-4843-B680-14AF22E15515}.Debug|Any CPU.ActiveCfg = Debug|Any CPU
		{789FE89C-9EE1-4843-B680-14AF22E15515}.Debug|Any CPU.Build.0 = Debug|Any CPU
		{789FE89C-9EE1-4843-B680-14AF22E15515}.Debug|ARM.ActiveCfg = Debug|Any CPU
		{789FE89C-9EE1-4843-B680-14AF22E15515}.Debug|ARM.Build.0 = Debug|Any CPU
		{789FE89C-9EE1-4843-B680-14AF22E15515}.Debug|iPhone.ActiveCfg = Debug|Any CPU
		{789FE89C-9EE1-4843-B680-14AF22E15515}.Debug|iPhone.Build.0 = Debug|Any CPU
		{789FE89C-9EE1-4843-B680-14AF22E15515}.Debug|iPhoneSimulator.ActiveCfg = Debug|Any CPU
		{789FE89C-9EE1-4843-B680-14AF22E15515}.Debug|iPhoneSimulator.Build.0 = Debug|Any CPU
		{789FE89C-9EE1-4843-B680-14AF22E15515}.Debug|x64.ActiveCfg = Debug|Any CPU
		{789FE89C-9EE1-4843-B680-14AF22E15515}.Debug|x64.Build.0 = Debug|Any CPU
		{789FE89C-9EE1-4843-B680-14AF22E15515}.Debug|x86.ActiveCfg = Debug|Any CPU
		{789FE89C-9EE1-4843-B680-14AF22E15515}.Debug|x86.Build.0 = Debug|Any CPU
		{789FE89C-9EE1-4843-B680-14AF22E15515}.Release|Any CPU.ActiveCfg = Release|Any CPU
		{789FE89C-9EE1-4843-B680-14AF22E15515}.Release|Any CPU.Build.0 = Release|Any CPU
		{789FE89C-9EE1-4843-B680-14AF22E15515}.Release|ARM.ActiveCfg = Release|Any CPU
		{789FE89C-9EE1-4843-B680-14AF22E15515}.Release|ARM.Build.0 = Release|Any CPU
		{789FE89C-9EE1-4843-B680-14AF22E15515}.Release|iPhone.ActiveCfg = Release|Any CPU
		{789FE89C-9EE1-4843-B680-14AF22E15515}.Release|iPhone.Build.0 = Release|Any CPU
		{789FE89C-9EE1-4843-B680-14AF22E15515}.Release|iPhoneSimulator.ActiveCfg = Release|Any CPU
		{789FE89C-9EE1-4843-B680-14AF22E15515}.Release|iPhoneSimulator.Build.0 = Release|Any CPU
		{789FE89C-9EE1-4843-B680-14AF22E15515}.Release|x64.ActiveCfg = Release|Any CPU
		{789FE89C-9EE1-4843-B680-14AF22E15515}.Release|x64.Build.0 = Release|Any CPU
		{789FE89C-9EE1-4843-B680-14AF22E15515}.Release|x86.ActiveCfg = Release|Any CPU
		{789FE89C-9EE1-4843-B680-14AF22E15515}.Release|x86.Build.0 = Release|Any CPU
		{D84A9EE2-DBD3-45C5-B602-3C89FD59355A}.Ad-Hoc|Any CPU.ActiveCfg = Release|Any CPU
		{D84A9EE2-DBD3-45C5-B602-3C89FD59355A}.Ad-Hoc|Any CPU.Build.0 = Release|Any CPU
		{D84A9EE2-DBD3-45C5-B602-3C89FD59355A}.Ad-Hoc|Any CPU.Deploy.0 = Release|Any CPU
		{D84A9EE2-DBD3-45C5-B602-3C89FD59355A}.Ad-Hoc|ARM.ActiveCfg = Release|Any CPU
		{D84A9EE2-DBD3-45C5-B602-3C89FD59355A}.Ad-Hoc|ARM.Build.0 = Release|Any CPU
		{D84A9EE2-DBD3-45C5-B602-3C89FD59355A}.Ad-Hoc|ARM.Deploy.0 = Release|Any CPU
		{D84A9EE2-DBD3-45C5-B602-3C89FD59355A}.Ad-Hoc|iPhone.ActiveCfg = Release|Any CPU
		{D84A9EE2-DBD3-45C5-B602-3C89FD59355A}.Ad-Hoc|iPhone.Build.0 = Release|Any CPU
		{D84A9EE2-DBD3-45C5-B602-3C89FD59355A}.Ad-Hoc|iPhone.Deploy.0 = Release|Any CPU
		{D84A9EE2-DBD3-45C5-B602-3C89FD59355A}.Ad-Hoc|iPhoneSimulator.ActiveCfg = Release|Any CPU
		{D84A9EE2-DBD3-45C5-B602-3C89FD59355A}.Ad-Hoc|iPhoneSimulator.Build.0 = Release|Any CPU
		{D84A9EE2-DBD3-45C5-B602-3C89FD59355A}.Ad-Hoc|iPhoneSimulator.Deploy.0 = Release|Any CPU
		{D84A9EE2-DBD3-45C5-B602-3C89FD59355A}.Ad-Hoc|x64.ActiveCfg = Release|Any CPU
		{D84A9EE2-DBD3-45C5-B602-3C89FD59355A}.Ad-Hoc|x64.Build.0 = Release|Any CPU
		{D84A9EE2-DBD3-45C5-B602-3C89FD59355A}.Ad-Hoc|x64.Deploy.0 = Release|Any CPU
		{D84A9EE2-DBD3-45C5-B602-3C89FD59355A}.Ad-Hoc|x86.ActiveCfg = Release|Any CPU
		{D84A9EE2-DBD3-45C5-B602-3C89FD59355A}.Ad-Hoc|x86.Build.0 = Release|Any CPU
		{D84A9EE2-DBD3-45C5-B602-3C89FD59355A}.Ad-Hoc|x86.Deploy.0 = Release|Any CPU
		{D84A9EE2-DBD3-45C5-B602-3C89FD59355A}.AppStore|Any CPU.ActiveCfg = Release|Any CPU
		{D84A9EE2-DBD3-45C5-B602-3C89FD59355A}.AppStore|Any CPU.Build.0 = Release|Any CPU
		{D84A9EE2-DBD3-45C5-B602-3C89FD59355A}.AppStore|Any CPU.Deploy.0 = Release|Any CPU
		{D84A9EE2-DBD3-45C5-B602-3C89FD59355A}.AppStore|ARM.ActiveCfg = Release|Any CPU
		{D84A9EE2-DBD3-45C5-B602-3C89FD59355A}.AppStore|ARM.Build.0 = Release|Any CPU
		{D84A9EE2-DBD3-45C5-B602-3C89FD59355A}.AppStore|ARM.Deploy.0 = Release|Any CPU
		{D84A9EE2-DBD3-45C5-B602-3C89FD59355A}.AppStore|iPhone.ActiveCfg = Release|Any CPU
		{D84A9EE2-DBD3-45C5-B602-3C89FD59355A}.AppStore|iPhone.Build.0 = Release|Any CPU
		{D84A9EE2-DBD3-45C5-B602-3C89FD59355A}.AppStore|iPhone.Deploy.0 = Release|Any CPU
		{D84A9EE2-DBD3-45C5-B602-3C89FD59355A}.AppStore|iPhoneSimulator.ActiveCfg = Release|Any CPU
		{D84A9EE2-DBD3-45C5-B602-3C89FD59355A}.AppStore|iPhoneSimulator.Build.0 = Release|Any CPU
		{D84A9EE2-DBD3-45C5-B602-3C89FD59355A}.AppStore|iPhoneSimulator.Deploy.0 = Release|Any CPU
		{D84A9EE2-DBD3-45C5-B602-3C89FD59355A}.AppStore|x64.ActiveCfg = Release|Any CPU
		{D84A9EE2-DBD3-45C5-B602-3C89FD59355A}.AppStore|x64.Build.0 = Release|Any CPU
		{D84A9EE2-DBD3-45C5-B602-3C89FD59355A}.AppStore|x64.Deploy.0 = Release|Any CPU
		{D84A9EE2-DBD3-45C5-B602-3C89FD59355A}.AppStore|x86.ActiveCfg = Release|Any CPU
		{D84A9EE2-DBD3-45C5-B602-3C89FD59355A}.AppStore|x86.Build.0 = Release|Any CPU
		{D84A9EE2-DBD3-45C5-B602-3C89FD59355A}.AppStore|x86.Deploy.0 = Release|Any CPU
		{D84A9EE2-DBD3-45C5-B602-3C89FD59355A}.Debug|Any CPU.ActiveCfg = Debug|Any CPU
		{D84A9EE2-DBD3-45C5-B602-3C89FD59355A}.Debug|Any CPU.Build.0 = Debug|Any CPU
		{D84A9EE2-DBD3-45C5-B602-3C89FD59355A}.Debug|Any CPU.Deploy.0 = Debug|Any CPU
		{D84A9EE2-DBD3-45C5-B602-3C89FD59355A}.Debug|ARM.ActiveCfg = Debug|Any CPU
		{D84A9EE2-DBD3-45C5-B602-3C89FD59355A}.Debug|ARM.Build.0 = Debug|Any CPU
		{D84A9EE2-DBD3-45C5-B602-3C89FD59355A}.Debug|ARM.Deploy.0 = Debug|Any CPU
		{D84A9EE2-DBD3-45C5-B602-3C89FD59355A}.Debug|iPhone.ActiveCfg = Debug|Any CPU
		{D84A9EE2-DBD3-45C5-B602-3C89FD59355A}.Debug|iPhone.Build.0 = Debug|Any CPU
		{D84A9EE2-DBD3-45C5-B602-3C89FD59355A}.Debug|iPhone.Deploy.0 = Debug|Any CPU
		{D84A9EE2-DBD3-45C5-B602-3C89FD59355A}.Debug|iPhoneSimulator.ActiveCfg = Debug|Any CPU
		{D84A9EE2-DBD3-45C5-B602-3C89FD59355A}.Debug|iPhoneSimulator.Build.0 = Debug|Any CPU
		{D84A9EE2-DBD3-45C5-B602-3C89FD59355A}.Debug|iPhoneSimulator.Deploy.0 = Debug|Any CPU
		{D84A9EE2-DBD3-45C5-B602-3C89FD59355A}.Debug|x64.ActiveCfg = Debug|Any CPU
		{D84A9EE2-DBD3-45C5-B602-3C89FD59355A}.Debug|x64.Build.0 = Debug|Any CPU
		{D84A9EE2-DBD3-45C5-B602-3C89FD59355A}.Debug|x64.Deploy.0 = Debug|Any CPU
		{D84A9EE2-DBD3-45C5-B602-3C89FD59355A}.Debug|x86.ActiveCfg = Debug|Any CPU
		{D84A9EE2-DBD3-45C5-B602-3C89FD59355A}.Debug|x86.Build.0 = Debug|Any CPU
		{D84A9EE2-DBD3-45C5-B602-3C89FD59355A}.Debug|x86.Deploy.0 = Debug|Any CPU
		{D84A9EE2-DBD3-45C5-B602-3C89FD59355A}.Release|Any CPU.ActiveCfg = Release|Any CPU
		{D84A9EE2-DBD3-45C5-B602-3C89FD59355A}.Release|Any CPU.Build.0 = Release|Any CPU
		{D84A9EE2-DBD3-45C5-B602-3C89FD59355A}.Release|Any CPU.Deploy.0 = Release|Any CPU
		{D84A9EE2-DBD3-45C5-B602-3C89FD59355A}.Release|ARM.ActiveCfg = Release|Any CPU
		{D84A9EE2-DBD3-45C5-B602-3C89FD59355A}.Release|ARM.Build.0 = Release|Any CPU
		{D84A9EE2-DBD3-45C5-B602-3C89FD59355A}.Release|ARM.Deploy.0 = Release|Any CPU
		{D84A9EE2-DBD3-45C5-B602-3C89FD59355A}.Release|iPhone.ActiveCfg = Release|Any CPU
		{D84A9EE2-DBD3-45C5-B602-3C89FD59355A}.Release|iPhone.Build.0 = Release|Any CPU
		{D84A9EE2-DBD3-45C5-B602-3C89FD59355A}.Release|iPhone.Deploy.0 = Release|Any CPU
		{D84A9EE2-DBD3-45C5-B602-3C89FD59355A}.Release|iPhoneSimulator.ActiveCfg = Release|Any CPU
		{D84A9EE2-DBD3-45C5-B602-3C89FD59355A}.Release|iPhoneSimulator.Build.0 = Release|Any CPU
		{D84A9EE2-DBD3-45C5-B602-3C89FD59355A}.Release|iPhoneSimulator.Deploy.0 = Release|Any CPU
		{D84A9EE2-DBD3-45C5-B602-3C89FD59355A}.Release|x64.ActiveCfg = Release|Any CPU
		{D84A9EE2-DBD3-45C5-B602-3C89FD59355A}.Release|x64.Build.0 = Release|Any CPU
		{D84A9EE2-DBD3-45C5-B602-3C89FD59355A}.Release|x64.Deploy.0 = Release|Any CPU
		{D84A9EE2-DBD3-45C5-B602-3C89FD59355A}.Release|x86.ActiveCfg = Release|Any CPU
		{D84A9EE2-DBD3-45C5-B602-3C89FD59355A}.Release|x86.Build.0 = Release|Any CPU
		{D84A9EE2-DBD3-45C5-B602-3C89FD59355A}.Release|x86.Deploy.0 = Release|Any CPU
		{AA98B2D3-9A0C-4472-862D-D1FED8911E4E}.Ad-Hoc|Any CPU.ActiveCfg = Ad-Hoc|iPhone
		{AA98B2D3-9A0C-4472-862D-D1FED8911E4E}.Ad-Hoc|ARM.ActiveCfg = Ad-Hoc|iPhone
		{AA98B2D3-9A0C-4472-862D-D1FED8911E4E}.Ad-Hoc|iPhone.ActiveCfg = Ad-Hoc|iPhone
		{AA98B2D3-9A0C-4472-862D-D1FED8911E4E}.Ad-Hoc|iPhone.Build.0 = Ad-Hoc|iPhone
		{AA98B2D3-9A0C-4472-862D-D1FED8911E4E}.Ad-Hoc|iPhoneSimulator.ActiveCfg = Ad-Hoc|iPhoneSimulator
		{AA98B2D3-9A0C-4472-862D-D1FED8911E4E}.Ad-Hoc|iPhoneSimulator.Build.0 = Ad-Hoc|iPhoneSimulator
		{AA98B2D3-9A0C-4472-862D-D1FED8911E4E}.Ad-Hoc|x64.ActiveCfg = Ad-Hoc|iPhone
		{AA98B2D3-9A0C-4472-862D-D1FED8911E4E}.Ad-Hoc|x86.ActiveCfg = Ad-Hoc|iPhone
		{AA98B2D3-9A0C-4472-862D-D1FED8911E4E}.AppStore|Any CPU.ActiveCfg = AppStore|iPhone
		{AA98B2D3-9A0C-4472-862D-D1FED8911E4E}.AppStore|ARM.ActiveCfg = AppStore|iPhone
		{AA98B2D3-9A0C-4472-862D-D1FED8911E4E}.AppStore|iPhone.ActiveCfg = AppStore|iPhone
		{AA98B2D3-9A0C-4472-862D-D1FED8911E4E}.AppStore|iPhone.Build.0 = AppStore|iPhone
		{AA98B2D3-9A0C-4472-862D-D1FED8911E4E}.AppStore|iPhoneSimulator.ActiveCfg = AppStore|iPhoneSimulator
		{AA98B2D3-9A0C-4472-862D-D1FED8911E4E}.AppStore|iPhoneSimulator.Build.0 = AppStore|iPhoneSimulator
		{AA98B2D3-9A0C-4472-862D-D1FED8911E4E}.AppStore|x64.ActiveCfg = AppStore|iPhone
		{AA98B2D3-9A0C-4472-862D-D1FED8911E4E}.AppStore|x86.ActiveCfg = AppStore|iPhone
		{AA98B2D3-9A0C-4472-862D-D1FED8911E4E}.Debug|Any CPU.ActiveCfg = Debug|iPhone
		{AA98B2D3-9A0C-4472-862D-D1FED8911E4E}.Debug|Any CPU.Build.0 = Debug|iPhone
		{AA98B2D3-9A0C-4472-862D-D1FED8911E4E}.Debug|ARM.ActiveCfg = Debug|iPhone
		{AA98B2D3-9A0C-4472-862D-D1FED8911E4E}.Debug|iPhone.ActiveCfg = Debug|iPhone
		{AA98B2D3-9A0C-4472-862D-D1FED8911E4E}.Debug|iPhone.Build.0 = Debug|iPhone
		{AA98B2D3-9A0C-4472-862D-D1FED8911E4E}.Debug|iPhoneSimulator.ActiveCfg = Debug|iPhoneSimulator
		{AA98B2D3-9A0C-4472-862D-D1FED8911E4E}.Debug|iPhoneSimulator.Build.0 = Debug|iPhoneSimulator
		{AA98B2D3-9A0C-4472-862D-D1FED8911E4E}.Debug|x64.ActiveCfg = Debug|iPhone
		{AA98B2D3-9A0C-4472-862D-D1FED8911E4E}.Debug|x86.ActiveCfg = Debug|iPhone
		{AA98B2D3-9A0C-4472-862D-D1FED8911E4E}.Release|Any CPU.ActiveCfg = Release|iPhone
		{AA98B2D3-9A0C-4472-862D-D1FED8911E4E}.Release|ARM.ActiveCfg = Release|iPhone
		{AA98B2D3-9A0C-4472-862D-D1FED8911E4E}.Release|iPhone.ActiveCfg = Release|iPhone
		{AA98B2D3-9A0C-4472-862D-D1FED8911E4E}.Release|iPhone.Build.0 = Release|iPhone
		{AA98B2D3-9A0C-4472-862D-D1FED8911E4E}.Release|iPhoneSimulator.ActiveCfg = Release|iPhoneSimulator
		{AA98B2D3-9A0C-4472-862D-D1FED8911E4E}.Release|iPhoneSimulator.Build.0 = Release|iPhoneSimulator
		{AA98B2D3-9A0C-4472-862D-D1FED8911E4E}.Release|x64.ActiveCfg = Release|iPhone
		{AA98B2D3-9A0C-4472-862D-D1FED8911E4E}.Release|x86.ActiveCfg = Release|iPhone
		{1B1E1015-2483-40B8-BB17-C233DE7C5399}.Ad-Hoc|Any CPU.ActiveCfg = Release|Any CPU
		{1B1E1015-2483-40B8-BB17-C233DE7C5399}.Ad-Hoc|Any CPU.Build.0 = Release|Any CPU
		{1B1E1015-2483-40B8-BB17-C233DE7C5399}.Ad-Hoc|Any CPU.Deploy.0 = Release|Any CPU
		{1B1E1015-2483-40B8-BB17-C233DE7C5399}.Ad-Hoc|ARM.ActiveCfg = Release|ARM
		{1B1E1015-2483-40B8-BB17-C233DE7C5399}.Ad-Hoc|ARM.Build.0 = Release|ARM
		{1B1E1015-2483-40B8-BB17-C233DE7C5399}.Ad-Hoc|ARM.Deploy.0 = Release|ARM
		{1B1E1015-2483-40B8-BB17-C233DE7C5399}.Ad-Hoc|iPhone.ActiveCfg = Release|Any CPU
		{1B1E1015-2483-40B8-BB17-C233DE7C5399}.Ad-Hoc|iPhone.Build.0 = Release|Any CPU
		{1B1E1015-2483-40B8-BB17-C233DE7C5399}.Ad-Hoc|iPhone.Deploy.0 = Release|Any CPU
		{1B1E1015-2483-40B8-BB17-C233DE7C5399}.Ad-Hoc|iPhoneSimulator.ActiveCfg = Release|Any CPU
		{1B1E1015-2483-40B8-BB17-C233DE7C5399}.Ad-Hoc|iPhoneSimulator.Build.0 = Release|Any CPU
		{1B1E1015-2483-40B8-BB17-C233DE7C5399}.Ad-Hoc|iPhoneSimulator.Deploy.0 = Release|Any CPU
		{1B1E1015-2483-40B8-BB17-C233DE7C5399}.Ad-Hoc|x64.ActiveCfg = Release|Any CPU
		{1B1E1015-2483-40B8-BB17-C233DE7C5399}.Ad-Hoc|x64.Build.0 = Release|Any CPU
		{1B1E1015-2483-40B8-BB17-C233DE7C5399}.Ad-Hoc|x64.Deploy.0 = Release|Any CPU
		{1B1E1015-2483-40B8-BB17-C233DE7C5399}.Ad-Hoc|x86.ActiveCfg = Release|x86
		{1B1E1015-2483-40B8-BB17-C233DE7C5399}.Ad-Hoc|x86.Build.0 = Release|x86
		{1B1E1015-2483-40B8-BB17-C233DE7C5399}.Ad-Hoc|x86.Deploy.0 = Release|x86
		{1B1E1015-2483-40B8-BB17-C233DE7C5399}.AppStore|Any CPU.ActiveCfg = Release|Any CPU
		{1B1E1015-2483-40B8-BB17-C233DE7C5399}.AppStore|Any CPU.Build.0 = Release|Any CPU
		{1B1E1015-2483-40B8-BB17-C233DE7C5399}.AppStore|Any CPU.Deploy.0 = Release|Any CPU
		{1B1E1015-2483-40B8-BB17-C233DE7C5399}.AppStore|ARM.ActiveCfg = Release|ARM
		{1B1E1015-2483-40B8-BB17-C233DE7C5399}.AppStore|ARM.Build.0 = Release|ARM
		{1B1E1015-2483-40B8-BB17-C233DE7C5399}.AppStore|ARM.Deploy.0 = Release|ARM
		{1B1E1015-2483-40B8-BB17-C233DE7C5399}.AppStore|iPhone.ActiveCfg = Release|Any CPU
		{1B1E1015-2483-40B8-BB17-C233DE7C5399}.AppStore|iPhone.Build.0 = Release|Any CPU
		{1B1E1015-2483-40B8-BB17-C233DE7C5399}.AppStore|iPhone.Deploy.0 = Release|Any CPU
		{1B1E1015-2483-40B8-BB17-C233DE7C5399}.AppStore|iPhoneSimulator.ActiveCfg = Release|Any CPU
		{1B1E1015-2483-40B8-BB17-C233DE7C5399}.AppStore|iPhoneSimulator.Build.0 = Release|Any CPU
		{1B1E1015-2483-40B8-BB17-C233DE7C5399}.AppStore|iPhoneSimulator.Deploy.0 = Release|Any CPU
		{1B1E1015-2483-40B8-BB17-C233DE7C5399}.AppStore|x64.ActiveCfg = Release|Any CPU
		{1B1E1015-2483-40B8-BB17-C233DE7C5399}.AppStore|x64.Build.0 = Release|Any CPU
		{1B1E1015-2483-40B8-BB17-C233DE7C5399}.AppStore|x64.Deploy.0 = Release|Any CPU
		{1B1E1015-2483-40B8-BB17-C233DE7C5399}.AppStore|x86.ActiveCfg = Release|x86
		{1B1E1015-2483-40B8-BB17-C233DE7C5399}.AppStore|x86.Build.0 = Release|x86
		{1B1E1015-2483-40B8-BB17-C233DE7C5399}.AppStore|x86.Deploy.0 = Release|x86
		{1B1E1015-2483-40B8-BB17-C233DE7C5399}.Debug|Any CPU.ActiveCfg = Debug|Any CPU
		{1B1E1015-2483-40B8-BB17-C233DE7C5399}.Debug|Any CPU.Build.0 = Debug|Any CPU
		{1B1E1015-2483-40B8-BB17-C233DE7C5399}.Debug|Any CPU.Deploy.0 = Debug|Any CPU
		{1B1E1015-2483-40B8-BB17-C233DE7C5399}.Debug|ARM.ActiveCfg = Debug|ARM
		{1B1E1015-2483-40B8-BB17-C233DE7C5399}.Debug|ARM.Build.0 = Debug|ARM
		{1B1E1015-2483-40B8-BB17-C233DE7C5399}.Debug|ARM.Deploy.0 = Debug|ARM
		{1B1E1015-2483-40B8-BB17-C233DE7C5399}.Debug|iPhone.ActiveCfg = Debug|Any CPU
		{1B1E1015-2483-40B8-BB17-C233DE7C5399}.Debug|iPhone.Build.0 = Debug|Any CPU
		{1B1E1015-2483-40B8-BB17-C233DE7C5399}.Debug|iPhone.Deploy.0 = Debug|Any CPU
		{1B1E1015-2483-40B8-BB17-C233DE7C5399}.Debug|iPhoneSimulator.ActiveCfg = Debug|Any CPU
		{1B1E1015-2483-40B8-BB17-C233DE7C5399}.Debug|iPhoneSimulator.Build.0 = Debug|Any CPU
		{1B1E1015-2483-40B8-BB17-C233DE7C5399}.Debug|iPhoneSimulator.Deploy.0 = Debug|Any CPU
		{1B1E1015-2483-40B8-BB17-C233DE7C5399}.Debug|x64.ActiveCfg = Debug|Any CPU
		{1B1E1015-2483-40B8-BB17-C233DE7C5399}.Debug|x64.Build.0 = Debug|Any CPU
		{1B1E1015-2483-40B8-BB17-C233DE7C5399}.Debug|x64.Deploy.0 = Debug|Any CPU
		{1B1E1015-2483-40B8-BB17-C233DE7C5399}.Debug|x86.ActiveCfg = Debug|x86
		{1B1E1015-2483-40B8-BB17-C233DE7C5399}.Debug|x86.Build.0 = Debug|x86
		{1B1E1015-2483-40B8-BB17-C233DE7C5399}.Debug|x86.Deploy.0 = Debug|x86
		{1B1E1015-2483-40B8-BB17-C233DE7C5399}.Release|Any CPU.ActiveCfg = Release|Any CPU
		{1B1E1015-2483-40B8-BB17-C233DE7C5399}.Release|Any CPU.Build.0 = Release|Any CPU
		{1B1E1015-2483-40B8-BB17-C233DE7C5399}.Release|Any CPU.Deploy.0 = Release|Any CPU
		{1B1E1015-2483-40B8-BB17-C233DE7C5399}.Release|ARM.ActiveCfg = Release|ARM
		{1B1E1015-2483-40B8-BB17-C233DE7C5399}.Release|ARM.Build.0 = Release|ARM
		{1B1E1015-2483-40B8-BB17-C233DE7C5399}.Release|ARM.Deploy.0 = Release|ARM
		{1B1E1015-2483-40B8-BB17-C233DE7C5399}.Release|iPhone.ActiveCfg = Release|Any CPU
		{1B1E1015-2483-40B8-BB17-C233DE7C5399}.Release|iPhone.Build.0 = Release|Any CPU
		{1B1E1015-2483-40B8-BB17-C233DE7C5399}.Release|iPhone.Deploy.0 = Release|Any CPU
		{1B1E1015-2483-40B8-BB17-C233DE7C5399}.Release|iPhoneSimulator.ActiveCfg = Release|Any CPU
		{1B1E1015-2483-40B8-BB17-C233DE7C5399}.Release|iPhoneSimulator.Build.0 = Release|Any CPU
		{1B1E1015-2483-40B8-BB17-C233DE7C5399}.Release|iPhoneSimulator.Deploy.0 = Release|Any CPU
		{1B1E1015-2483-40B8-BB17-C233DE7C5399}.Release|x64.ActiveCfg = Release|Any CPU
		{1B1E1015-2483-40B8-BB17-C233DE7C5399}.Release|x64.Build.0 = Release|Any CPU
		{1B1E1015-2483-40B8-BB17-C233DE7C5399}.Release|x64.Deploy.0 = Release|Any CPU
		{1B1E1015-2483-40B8-BB17-C233DE7C5399}.Release|x86.ActiveCfg = Release|x86
		{1B1E1015-2483-40B8-BB17-C233DE7C5399}.Release|x86.Build.0 = Release|x86
		{1B1E1015-2483-40B8-BB17-C233DE7C5399}.Release|x86.Deploy.0 = Release|x86
		{34CEE419-5065-4724-8BB5-B69748B3C856}.Ad-Hoc|Any CPU.ActiveCfg = Release|x86
		{34CEE419-5065-4724-8BB5-B69748B3C856}.Ad-Hoc|Any CPU.Build.0 = Release|x86
		{34CEE419-5065-4724-8BB5-B69748B3C856}.Ad-Hoc|Any CPU.Deploy.0 = Release|x86
		{34CEE419-5065-4724-8BB5-B69748B3C856}.Ad-Hoc|ARM.ActiveCfg = Release|ARM
		{34CEE419-5065-4724-8BB5-B69748B3C856}.Ad-Hoc|ARM.Build.0 = Release|ARM
		{34CEE419-5065-4724-8BB5-B69748B3C856}.Ad-Hoc|ARM.Deploy.0 = Release|ARM
		{34CEE419-5065-4724-8BB5-B69748B3C856}.Ad-Hoc|iPhone.ActiveCfg = Release|x86
		{34CEE419-5065-4724-8BB5-B69748B3C856}.Ad-Hoc|iPhone.Build.0 = Release|x86
		{34CEE419-5065-4724-8BB5-B69748B3C856}.Ad-Hoc|iPhone.Deploy.0 = Release|x86
		{34CEE419-5065-4724-8BB5-B69748B3C856}.Ad-Hoc|iPhoneSimulator.ActiveCfg = Release|x86
		{34CEE419-5065-4724-8BB5-B69748B3C856}.Ad-Hoc|iPhoneSimulator.Build.0 = Release|x86
		{34CEE419-5065-4724-8BB5-B69748B3C856}.Ad-Hoc|iPhoneSimulator.Deploy.0 = Release|x86
		{34CEE419-5065-4724-8BB5-B69748B3C856}.Ad-Hoc|x64.ActiveCfg = Release|x64
		{34CEE419-5065-4724-8BB5-B69748B3C856}.Ad-Hoc|x64.Build.0 = Release|x64
		{34CEE419-5065-4724-8BB5-B69748B3C856}.Ad-Hoc|x64.Deploy.0 = Release|x64
		{34CEE419-5065-4724-8BB5-B69748B3C856}.Ad-Hoc|x86.ActiveCfg = Release|x86
		{34CEE419-5065-4724-8BB5-B69748B3C856}.Ad-Hoc|x86.Build.0 = Release|x86
		{34CEE419-5065-4724-8BB5-B69748B3C856}.Ad-Hoc|x86.Deploy.0 = Release|x86
		{34CEE419-5065-4724-8BB5-B69748B3C856}.AppStore|Any CPU.ActiveCfg = Release|x86
		{34CEE419-5065-4724-8BB5-B69748B3C856}.AppStore|Any CPU.Build.0 = Release|x86
		{34CEE419-5065-4724-8BB5-B69748B3C856}.AppStore|Any CPU.Deploy.0 = Release|x86
		{34CEE419-5065-4724-8BB5-B69748B3C856}.AppStore|ARM.ActiveCfg = Release|ARM
		{34CEE419-5065-4724-8BB5-B69748B3C856}.AppStore|ARM.Build.0 = Release|ARM
		{34CEE419-5065-4724-8BB5-B69748B3C856}.AppStore|ARM.Deploy.0 = Release|ARM
		{34CEE419-5065-4724-8BB5-B69748B3C856}.AppStore|iPhone.ActiveCfg = Release|x86
		{34CEE419-5065-4724-8BB5-B69748B3C856}.AppStore|iPhone.Build.0 = Release|x86
		{34CEE419-5065-4724-8BB5-B69748B3C856}.AppStore|iPhone.Deploy.0 = Release|x86
		{34CEE419-5065-4724-8BB5-B69748B3C856}.AppStore|iPhoneSimulator.ActiveCfg = Release|x86
		{34CEE419-5065-4724-8BB5-B69748B3C856}.AppStore|iPhoneSimulator.Build.0 = Release|x86
		{34CEE419-5065-4724-8BB5-B69748B3C856}.AppStore|iPhoneSimulator.Deploy.0 = Release|x86
		{34CEE419-5065-4724-8BB5-B69748B3C856}.AppStore|x64.ActiveCfg = Release|x64
		{34CEE419-5065-4724-8BB5-B69748B3C856}.AppStore|x64.Build.0 = Release|x64
		{34CEE419-5065-4724-8BB5-B69748B3C856}.AppStore|x64.Deploy.0 = Release|x64
		{34CEE419-5065-4724-8BB5-B69748B3C856}.AppStore|x86.ActiveCfg = Release|x86
		{34CEE419-5065-4724-8BB5-B69748B3C856}.AppStore|x86.Build.0 = Release|x86
		{34CEE419-5065-4724-8BB5-B69748B3C856}.AppStore|x86.Deploy.0 = Release|x86
		{34CEE419-5065-4724-8BB5-B69748B3C856}.Debug|Any CPU.ActiveCfg = Debug|x86
		{34CEE419-5065-4724-8BB5-B69748B3C856}.Debug|Any CPU.Build.0 = Debug|x86
		{34CEE419-5065-4724-8BB5-B69748B3C856}.Debug|Any CPU.Deploy.0 = Debug|x86
		{34CEE419-5065-4724-8BB5-B69748B3C856}.Debug|ARM.ActiveCfg = Debug|ARM
		{34CEE419-5065-4724-8BB5-B69748B3C856}.Debug|ARM.Build.0 = Debug|ARM
		{34CEE419-5065-4724-8BB5-B69748B3C856}.Debug|ARM.Deploy.0 = Debug|ARM
		{34CEE419-5065-4724-8BB5-B69748B3C856}.Debug|iPhone.ActiveCfg = Debug|x86
		{34CEE419-5065-4724-8BB5-B69748B3C856}.Debug|iPhoneSimulator.ActiveCfg = Debug|x86
		{34CEE419-5065-4724-8BB5-B69748B3C856}.Debug|x64.ActiveCfg = Debug|x64
		{34CEE419-5065-4724-8BB5-B69748B3C856}.Debug|x64.Build.0 = Debug|x64
		{34CEE419-5065-4724-8BB5-B69748B3C856}.Debug|x64.Deploy.0 = Debug|x64
		{34CEE419-5065-4724-8BB5-B69748B3C856}.Debug|x86.ActiveCfg = Debug|x86
		{34CEE419-5065-4724-8BB5-B69748B3C856}.Debug|x86.Build.0 = Debug|x86
		{34CEE419-5065-4724-8BB5-B69748B3C856}.Debug|x86.Deploy.0 = Debug|x86
		{34CEE419-5065-4724-8BB5-B69748B3C856}.Release|Any CPU.ActiveCfg = Release|x86
		{34CEE419-5065-4724-8BB5-B69748B3C856}.Release|ARM.ActiveCfg = Release|ARM
		{34CEE419-5065-4724-8BB5-B69748B3C856}.Release|ARM.Build.0 = Release|ARM
		{34CEE419-5065-4724-8BB5-B69748B3C856}.Release|ARM.Deploy.0 = Release|ARM
		{34CEE419-5065-4724-8BB5-B69748B3C856}.Release|iPhone.ActiveCfg = Release|x86
		{34CEE419-5065-4724-8BB5-B69748B3C856}.Release|iPhoneSimulator.ActiveCfg = Release|x86
		{34CEE419-5065-4724-8BB5-B69748B3C856}.Release|x64.ActiveCfg = Release|x64
		{34CEE419-5065-4724-8BB5-B69748B3C856}.Release|x64.Build.0 = Release|x64
		{34CEE419-5065-4724-8BB5-B69748B3C856}.Release|x64.Deploy.0 = Release|x64
		{34CEE419-5065-4724-8BB5-B69748B3C856}.Release|x86.ActiveCfg = Release|x86
		{34CEE419-5065-4724-8BB5-B69748B3C856}.Release|x86.Build.0 = Release|x86
		{34CEE419-5065-4724-8BB5-B69748B3C856}.Release|x86.Deploy.0 = Release|x86
		{5D615888-4FF1-4221-8041-D59F8A8D450F}.Ad-Hoc|Any CPU.ActiveCfg = Release|Any CPU
		{5D615888-4FF1-4221-8041-D59F8A8D450F}.Ad-Hoc|Any CPU.Build.0 = Release|Any CPU
		{5D615888-4FF1-4221-8041-D59F8A8D450F}.Ad-Hoc|Any CPU.Deploy.0 = Release|Any CPU
		{5D615888-4FF1-4221-8041-D59F8A8D450F}.Ad-Hoc|ARM.ActiveCfg = Release|ARM
		{5D615888-4FF1-4221-8041-D59F8A8D450F}.Ad-Hoc|ARM.Build.0 = Release|ARM
		{5D615888-4FF1-4221-8041-D59F8A8D450F}.Ad-Hoc|ARM.Deploy.0 = Release|ARM
		{5D615888-4FF1-4221-8041-D59F8A8D450F}.Ad-Hoc|iPhone.ActiveCfg = Release|Any CPU
		{5D615888-4FF1-4221-8041-D59F8A8D450F}.Ad-Hoc|iPhone.Build.0 = Release|Any CPU
		{5D615888-4FF1-4221-8041-D59F8A8D450F}.Ad-Hoc|iPhone.Deploy.0 = Release|Any CPU
		{5D615888-4FF1-4221-8041-D59F8A8D450F}.Ad-Hoc|iPhoneSimulator.ActiveCfg = Release|Any CPU
		{5D615888-4FF1-4221-8041-D59F8A8D450F}.Ad-Hoc|iPhoneSimulator.Build.0 = Release|Any CPU
		{5D615888-4FF1-4221-8041-D59F8A8D450F}.Ad-Hoc|iPhoneSimulator.Deploy.0 = Release|Any CPU
		{5D615888-4FF1-4221-8041-D59F8A8D450F}.Ad-Hoc|x64.ActiveCfg = Release|x64
		{5D615888-4FF1-4221-8041-D59F8A8D450F}.Ad-Hoc|x64.Build.0 = Release|x64
		{5D615888-4FF1-4221-8041-D59F8A8D450F}.Ad-Hoc|x64.Deploy.0 = Release|x64
		{5D615888-4FF1-4221-8041-D59F8A8D450F}.Ad-Hoc|x86.ActiveCfg = Release|x86
		{5D615888-4FF1-4221-8041-D59F8A8D450F}.Ad-Hoc|x86.Build.0 = Release|x86
		{5D615888-4FF1-4221-8041-D59F8A8D450F}.Ad-Hoc|x86.Deploy.0 = Release|x86
		{5D615888-4FF1-4221-8041-D59F8A8D450F}.AppStore|Any CPU.ActiveCfg = Release|Any CPU
		{5D615888-4FF1-4221-8041-D59F8A8D450F}.AppStore|Any CPU.Build.0 = Release|Any CPU
		{5D615888-4FF1-4221-8041-D59F8A8D450F}.AppStore|Any CPU.Deploy.0 = Release|Any CPU
		{5D615888-4FF1-4221-8041-D59F8A8D450F}.AppStore|ARM.ActiveCfg = Release|ARM
		{5D615888-4FF1-4221-8041-D59F8A8D450F}.AppStore|ARM.Build.0 = Release|ARM
		{5D615888-4FF1-4221-8041-D59F8A8D450F}.AppStore|ARM.Deploy.0 = Release|ARM
		{5D615888-4FF1-4221-8041-D59F8A8D450F}.AppStore|iPhone.ActiveCfg = Release|Any CPU
		{5D615888-4FF1-4221-8041-D59F8A8D450F}.AppStore|iPhone.Build.0 = Release|Any CPU
		{5D615888-4FF1-4221-8041-D59F8A8D450F}.AppStore|iPhone.Deploy.0 = Release|Any CPU
		{5D615888-4FF1-4221-8041-D59F8A8D450F}.AppStore|iPhoneSimulator.ActiveCfg = Release|Any CPU
		{5D615888-4FF1-4221-8041-D59F8A8D450F}.AppStore|iPhoneSimulator.Build.0 = Release|Any CPU
		{5D615888-4FF1-4221-8041-D59F8A8D450F}.AppStore|iPhoneSimulator.Deploy.0 = Release|Any CPU
		{5D615888-4FF1-4221-8041-D59F8A8D450F}.AppStore|x64.ActiveCfg = Release|x64
		{5D615888-4FF1-4221-8041-D59F8A8D450F}.AppStore|x64.Build.0 = Release|x64
		{5D615888-4FF1-4221-8041-D59F8A8D450F}.AppStore|x64.Deploy.0 = Release|x64
		{5D615888-4FF1-4221-8041-D59F8A8D450F}.AppStore|x86.ActiveCfg = Release|x86
		{5D615888-4FF1-4221-8041-D59F8A8D450F}.AppStore|x86.Build.0 = Release|x86
		{5D615888-4FF1-4221-8041-D59F8A8D450F}.AppStore|x86.Deploy.0 = Release|x86
		{5D615888-4FF1-4221-8041-D59F8A8D450F}.Debug|Any CPU.ActiveCfg = Debug|Any CPU
		{5D615888-4FF1-4221-8041-D59F8A8D450F}.Debug|Any CPU.Build.0 = Debug|Any CPU
		{5D615888-4FF1-4221-8041-D59F8A8D450F}.Debug|Any CPU.Deploy.0 = Debug|Any CPU
		{5D615888-4FF1-4221-8041-D59F8A8D450F}.Debug|ARM.ActiveCfg = Debug|ARM
		{5D615888-4FF1-4221-8041-D59F8A8D450F}.Debug|ARM.Build.0 = Debug|ARM
		{5D615888-4FF1-4221-8041-D59F8A8D450F}.Debug|ARM.Deploy.0 = Debug|ARM
		{5D615888-4FF1-4221-8041-D59F8A8D450F}.Debug|iPhone.ActiveCfg = Debug|Any CPU
		{5D615888-4FF1-4221-8041-D59F8A8D450F}.Debug|iPhone.Build.0 = Debug|Any CPU
		{5D615888-4FF1-4221-8041-D59F8A8D450F}.Debug|iPhone.Deploy.0 = Debug|Any CPU
		{5D615888-4FF1-4221-8041-D59F8A8D450F}.Debug|iPhoneSimulator.ActiveCfg = Debug|Any CPU
		{5D615888-4FF1-4221-8041-D59F8A8D450F}.Debug|iPhoneSimulator.Build.0 = Debug|Any CPU
		{5D615888-4FF1-4221-8041-D59F8A8D450F}.Debug|iPhoneSimulator.Deploy.0 = Debug|Any CPU
		{5D615888-4FF1-4221-8041-D59F8A8D450F}.Debug|x64.ActiveCfg = Debug|x64
		{5D615888-4FF1-4221-8041-D59F8A8D450F}.Debug|x64.Build.0 = Debug|x64
		{5D615888-4FF1-4221-8041-D59F8A8D450F}.Debug|x64.Deploy.0 = Debug|x64
		{5D615888-4FF1-4221-8041-D59F8A8D450F}.Debug|x86.ActiveCfg = Debug|x86
		{5D615888-4FF1-4221-8041-D59F8A8D450F}.Debug|x86.Build.0 = Debug|x86
		{5D615888-4FF1-4221-8041-D59F8A8D450F}.Debug|x86.Deploy.0 = Debug|x86
		{5D615888-4FF1-4221-8041-D59F8A8D450F}.Release|Any CPU.ActiveCfg = Release|Any CPU
		{5D615888-4FF1-4221-8041-D59F8A8D450F}.Release|Any CPU.Build.0 = Release|Any CPU
		{5D615888-4FF1-4221-8041-D59F8A8D450F}.Release|Any CPU.Deploy.0 = Release|Any CPU
		{5D615888-4FF1-4221-8041-D59F8A8D450F}.Release|ARM.ActiveCfg = Release|ARM
		{5D615888-4FF1-4221-8041-D59F8A8D450F}.Release|ARM.Build.0 = Release|ARM
		{5D615888-4FF1-4221-8041-D59F8A8D450F}.Release|ARM.Deploy.0 = Release|ARM
		{5D615888-4FF1-4221-8041-D59F8A8D450F}.Release|iPhone.ActiveCfg = Release|Any CPU
		{5D615888-4FF1-4221-8041-D59F8A8D450F}.Release|iPhone.Build.0 = Release|Any CPU
		{5D615888-4FF1-4221-8041-D59F8A8D450F}.Release|iPhone.Deploy.0 = Release|Any CPU
		{5D615888-4FF1-4221-8041-D59F8A8D450F}.Release|iPhoneSimulator.ActiveCfg = Release|Any CPU
		{5D615888-4FF1-4221-8041-D59F8A8D450F}.Release|iPhoneSimulator.Build.0 = Release|Any CPU
		{5D615888-4FF1-4221-8041-D59F8A8D450F}.Release|iPhoneSimulator.Deploy.0 = Release|Any CPU
		{5D615888-4FF1-4221-8041-D59F8A8D450F}.Release|x64.ActiveCfg = Release|x64
		{5D615888-4FF1-4221-8041-D59F8A8D450F}.Release|x64.Build.0 = Release|x64
		{5D615888-4FF1-4221-8041-D59F8A8D450F}.Release|x64.Deploy.0 = Release|x64
		{5D615888-4FF1-4221-8041-D59F8A8D450F}.Release|x86.ActiveCfg = Release|x86
		{5D615888-4FF1-4221-8041-D59F8A8D450F}.Release|x86.Build.0 = Release|x86
		{5D615888-4FF1-4221-8041-D59F8A8D450F}.Release|x86.Deploy.0 = Release|x86
		{8CED5218-382E-44F4-8699-D366D30FF168}.Ad-Hoc|Any CPU.ActiveCfg = Release|Any CPU
		{8CED5218-382E-44F4-8699-D366D30FF168}.Ad-Hoc|Any CPU.Build.0 = Release|Any CPU
		{8CED5218-382E-44F4-8699-D366D30FF168}.Ad-Hoc|ARM.ActiveCfg = Release|Any CPU
		{8CED5218-382E-44F4-8699-D366D30FF168}.Ad-Hoc|ARM.Build.0 = Release|Any CPU
		{8CED5218-382E-44F4-8699-D366D30FF168}.Ad-Hoc|iPhone.ActiveCfg = Release|Any CPU
		{8CED5218-382E-44F4-8699-D366D30FF168}.Ad-Hoc|iPhone.Build.0 = Release|Any CPU
		{8CED5218-382E-44F4-8699-D366D30FF168}.Ad-Hoc|iPhoneSimulator.ActiveCfg = Release|Any CPU
		{8CED5218-382E-44F4-8699-D366D30FF168}.Ad-Hoc|iPhoneSimulator.Build.0 = Release|Any CPU
		{8CED5218-382E-44F4-8699-D366D30FF168}.Ad-Hoc|x64.ActiveCfg = Release|Any CPU
		{8CED5218-382E-44F4-8699-D366D30FF168}.Ad-Hoc|x64.Build.0 = Release|Any CPU
		{8CED5218-382E-44F4-8699-D366D30FF168}.Ad-Hoc|x86.ActiveCfg = Release|Any CPU
		{8CED5218-382E-44F4-8699-D366D30FF168}.Ad-Hoc|x86.Build.0 = Release|Any CPU
		{8CED5218-382E-44F4-8699-D366D30FF168}.AppStore|Any CPU.ActiveCfg = Release|Any CPU
		{8CED5218-382E-44F4-8699-D366D30FF168}.AppStore|Any CPU.Build.0 = Release|Any CPU
		{8CED5218-382E-44F4-8699-D366D30FF168}.AppStore|ARM.ActiveCfg = Release|Any CPU
		{8CED5218-382E-44F4-8699-D366D30FF168}.AppStore|ARM.Build.0 = Release|Any CPU
		{8CED5218-382E-44F4-8699-D366D30FF168}.AppStore|iPhone.ActiveCfg = Release|Any CPU
		{8CED5218-382E-44F4-8699-D366D30FF168}.AppStore|iPhone.Build.0 = Release|Any CPU
		{8CED5218-382E-44F4-8699-D366D30FF168}.AppStore|iPhoneSimulator.ActiveCfg = Release|Any CPU
		{8CED5218-382E-44F4-8699-D366D30FF168}.AppStore|iPhoneSimulator.Build.0 = Release|Any CPU
		{8CED5218-382E-44F4-8699-D366D30FF168}.AppStore|x64.ActiveCfg = Release|Any CPU
		{8CED5218-382E-44F4-8699-D366D30FF168}.AppStore|x64.Build.0 = Release|Any CPU
		{8CED5218-382E-44F4-8699-D366D30FF168}.AppStore|x86.ActiveCfg = Release|Any CPU
		{8CED5218-382E-44F4-8699-D366D30FF168}.AppStore|x86.Build.0 = Release|Any CPU
		{8CED5218-382E-44F4-8699-D366D30FF168}.Debug|Any CPU.ActiveCfg = Debug|Any CPU
		{8CED5218-382E-44F4-8699-D366D30FF168}.Debug|Any CPU.Build.0 = Debug|Any CPU
		{8CED5218-382E-44F4-8699-D366D30FF168}.Debug|ARM.ActiveCfg = Debug|Any CPU
		{8CED5218-382E-44F4-8699-D366D30FF168}.Debug|ARM.Build.0 = Debug|Any CPU
		{8CED5218-382E-44F4-8699-D366D30FF168}.Debug|iPhone.ActiveCfg = Debug|Any CPU
		{8CED5218-382E-44F4-8699-D366D30FF168}.Debug|iPhone.Build.0 = Debug|Any CPU
		{8CED5218-382E-44F4-8699-D366D30FF168}.Debug|iPhoneSimulator.ActiveCfg = Debug|Any CPU
		{8CED5218-382E-44F4-8699-D366D30FF168}.Debug|iPhoneSimulator.Build.0 = Debug|Any CPU
		{8CED5218-382E-44F4-8699-D366D30FF168}.Debug|x64.ActiveCfg = Debug|Any CPU
		{8CED5218-382E-44F4-8699-D366D30FF168}.Debug|x64.Build.0 = Debug|Any CPU
		{8CED5218-382E-44F4-8699-D366D30FF168}.Debug|x86.ActiveCfg = Debug|Any CPU
		{8CED5218-382E-44F4-8699-D366D30FF168}.Debug|x86.Build.0 = Debug|Any CPU
		{8CED5218-382E-44F4-8699-D366D30FF168}.Release|Any CPU.ActiveCfg = Release|Any CPU
		{8CED5218-382E-44F4-8699-D366D30FF168}.Release|Any CPU.Build.0 = Release|Any CPU
		{8CED5218-382E-44F4-8699-D366D30FF168}.Release|ARM.ActiveCfg = Release|Any CPU
		{8CED5218-382E-44F4-8699-D366D30FF168}.Release|ARM.Build.0 = Release|Any CPU
		{8CED5218-382E-44F4-8699-D366D30FF168}.Release|iPhone.ActiveCfg = Release|Any CPU
		{8CED5218-382E-44F4-8699-D366D30FF168}.Release|iPhone.Build.0 = Release|Any CPU
		{8CED5218-382E-44F4-8699-D366D30FF168}.Release|iPhoneSimulator.ActiveCfg = Release|Any CPU
		{8CED5218-382E-44F4-8699-D366D30FF168}.Release|iPhoneSimulator.Build.0 = Release|Any CPU
		{8CED5218-382E-44F4-8699-D366D30FF168}.Release|x64.ActiveCfg = Release|Any CPU
		{8CED5218-382E-44F4-8699-D366D30FF168}.Release|x64.Build.0 = Release|Any CPU
		{8CED5218-382E-44F4-8699-D366D30FF168}.Release|x86.ActiveCfg = Release|Any CPU
		{8CED5218-382E-44F4-8699-D366D30FF168}.Release|x86.Build.0 = Release|Any CPU
		{649559C6-1971-4B2E-B433-7CCE59F8CE78}.Ad-Hoc|Any CPU.ActiveCfg = Release|Any CPU
		{649559C6-1971-4B2E-B433-7CCE59F8CE78}.Ad-Hoc|Any CPU.Build.0 = Release|Any CPU
		{649559C6-1971-4B2E-B433-7CCE59F8CE78}.Ad-Hoc|ARM.ActiveCfg = Release|Any CPU
		{649559C6-1971-4B2E-B433-7CCE59F8CE78}.Ad-Hoc|ARM.Build.0 = Release|Any CPU
		{649559C6-1971-4B2E-B433-7CCE59F8CE78}.Ad-Hoc|iPhone.ActiveCfg = Release|Any CPU
		{649559C6-1971-4B2E-B433-7CCE59F8CE78}.Ad-Hoc|iPhone.Build.0 = Release|Any CPU
		{649559C6-1971-4B2E-B433-7CCE59F8CE78}.Ad-Hoc|iPhoneSimulator.ActiveCfg = Release|Any CPU
		{649559C6-1971-4B2E-B433-7CCE59F8CE78}.Ad-Hoc|iPhoneSimulator.Build.0 = Release|Any CPU
		{649559C6-1971-4B2E-B433-7CCE59F8CE78}.Ad-Hoc|x64.ActiveCfg = Release|Any CPU
		{649559C6-1971-4B2E-B433-7CCE59F8CE78}.Ad-Hoc|x64.Build.0 = Release|Any CPU
		{649559C6-1971-4B2E-B433-7CCE59F8CE78}.Ad-Hoc|x86.ActiveCfg = Release|Any CPU
		{649559C6-1971-4B2E-B433-7CCE59F8CE78}.Ad-Hoc|x86.Build.0 = Release|Any CPU
		{649559C6-1971-4B2E-B433-7CCE59F8CE78}.AppStore|Any CPU.ActiveCfg = Release|Any CPU
		{649559C6-1971-4B2E-B433-7CCE59F8CE78}.AppStore|Any CPU.Build.0 = Release|Any CPU
		{649559C6-1971-4B2E-B433-7CCE59F8CE78}.AppStore|ARM.ActiveCfg = Release|Any CPU
		{649559C6-1971-4B2E-B433-7CCE59F8CE78}.AppStore|ARM.Build.0 = Release|Any CPU
		{649559C6-1971-4B2E-B433-7CCE59F8CE78}.AppStore|iPhone.ActiveCfg = Release|Any CPU
		{649559C6-1971-4B2E-B433-7CCE59F8CE78}.AppStore|iPhone.Build.0 = Release|Any CPU
		{649559C6-1971-4B2E-B433-7CCE59F8CE78}.AppStore|iPhoneSimulator.ActiveCfg = Release|Any CPU
		{649559C6-1971-4B2E-B433-7CCE59F8CE78}.AppStore|iPhoneSimulator.Build.0 = Release|Any CPU
		{649559C6-1971-4B2E-B433-7CCE59F8CE78}.AppStore|x64.ActiveCfg = Release|Any CPU
		{649559C6-1971-4B2E-B433-7CCE59F8CE78}.AppStore|x64.Build.0 = Release|Any CPU
		{649559C6-1971-4B2E-B433-7CCE59F8CE78}.AppStore|x86.ActiveCfg = Release|Any CPU
		{649559C6-1971-4B2E-B433-7CCE59F8CE78}.AppStore|x86.Build.0 = Release|Any CPU
		{649559C6-1971-4B2E-B433-7CCE59F8CE78}.Debug|Any CPU.ActiveCfg = Debug|Any CPU
		{649559C6-1971-4B2E-B433-7CCE59F8CE78}.Debug|Any CPU.Build.0 = Debug|Any CPU
		{649559C6-1971-4B2E-B433-7CCE59F8CE78}.Debug|ARM.ActiveCfg = Debug|Any CPU
		{649559C6-1971-4B2E-B433-7CCE59F8CE78}.Debug|ARM.Build.0 = Debug|Any CPU
		{649559C6-1971-4B2E-B433-7CCE59F8CE78}.Debug|iPhone.ActiveCfg = Debug|Any CPU
		{649559C6-1971-4B2E-B433-7CCE59F8CE78}.Debug|iPhone.Build.0 = Debug|Any CPU
		{649559C6-1971-4B2E-B433-7CCE59F8CE78}.Debug|iPhoneSimulator.ActiveCfg = Debug|Any CPU
		{649559C6-1971-4B2E-B433-7CCE59F8CE78}.Debug|iPhoneSimulator.Build.0 = Debug|Any CPU
		{649559C6-1971-4B2E-B433-7CCE59F8CE78}.Debug|x64.ActiveCfg = Debug|Any CPU
		{649559C6-1971-4B2E-B433-7CCE59F8CE78}.Debug|x64.Build.0 = Debug|Any CPU
		{649559C6-1971-4B2E-B433-7CCE59F8CE78}.Debug|x86.ActiveCfg = Debug|Any CPU
		{649559C6-1971-4B2E-B433-7CCE59F8CE78}.Debug|x86.Build.0 = Debug|Any CPU
		{649559C6-1971-4B2E-B433-7CCE59F8CE78}.Release|Any CPU.ActiveCfg = Release|Any CPU
		{649559C6-1971-4B2E-B433-7CCE59F8CE78}.Release|Any CPU.Build.0 = Release|Any CPU
		{649559C6-1971-4B2E-B433-7CCE59F8CE78}.Release|ARM.ActiveCfg = Release|Any CPU
		{649559C6-1971-4B2E-B433-7CCE59F8CE78}.Release|ARM.Build.0 = Release|Any CPU
		{649559C6-1971-4B2E-B433-7CCE59F8CE78}.Release|iPhone.ActiveCfg = Release|Any CPU
		{649559C6-1971-4B2E-B433-7CCE59F8CE78}.Release|iPhone.Build.0 = Release|Any CPU
		{649559C6-1971-4B2E-B433-7CCE59F8CE78}.Release|iPhoneSimulator.ActiveCfg = Release|Any CPU
		{649559C6-1971-4B2E-B433-7CCE59F8CE78}.Release|iPhoneSimulator.Build.0 = Release|Any CPU
		{649559C6-1971-4B2E-B433-7CCE59F8CE78}.Release|x64.ActiveCfg = Release|Any CPU
		{649559C6-1971-4B2E-B433-7CCE59F8CE78}.Release|x64.Build.0 = Release|Any CPU
		{649559C6-1971-4B2E-B433-7CCE59F8CE78}.Release|x86.ActiveCfg = Release|Any CPU
		{649559C6-1971-4B2E-B433-7CCE59F8CE78}.Release|x86.Build.0 = Release|Any CPU
		{08D09329-A33F-4A32-986C-A9F274099BEE}.Ad-Hoc|Any CPU.ActiveCfg = Release|Any CPU
		{08D09329-A33F-4A32-986C-A9F274099BEE}.Ad-Hoc|Any CPU.Build.0 = Release|Any CPU
		{08D09329-A33F-4A32-986C-A9F274099BEE}.Ad-Hoc|ARM.ActiveCfg = Release|ARM
		{08D09329-A33F-4A32-986C-A9F274099BEE}.Ad-Hoc|ARM.Build.0 = Release|ARM
		{08D09329-A33F-4A32-986C-A9F274099BEE}.Ad-Hoc|iPhone.ActiveCfg = Release|Any CPU
		{08D09329-A33F-4A32-986C-A9F274099BEE}.Ad-Hoc|iPhone.Build.0 = Release|Any CPU
		{08D09329-A33F-4A32-986C-A9F274099BEE}.Ad-Hoc|iPhoneSimulator.ActiveCfg = Release|Any CPU
		{08D09329-A33F-4A32-986C-A9F274099BEE}.Ad-Hoc|iPhoneSimulator.Build.0 = Release|Any CPU
		{08D09329-A33F-4A32-986C-A9F274099BEE}.Ad-Hoc|x64.ActiveCfg = Release|x64
		{08D09329-A33F-4A32-986C-A9F274099BEE}.Ad-Hoc|x64.Build.0 = Release|x64
		{08D09329-A33F-4A32-986C-A9F274099BEE}.Ad-Hoc|x86.ActiveCfg = Release|x86
		{08D09329-A33F-4A32-986C-A9F274099BEE}.Ad-Hoc|x86.Build.0 = Release|x86
		{08D09329-A33F-4A32-986C-A9F274099BEE}.AppStore|Any CPU.ActiveCfg = Release|Any CPU
		{08D09329-A33F-4A32-986C-A9F274099BEE}.AppStore|Any CPU.Build.0 = Release|Any CPU
		{08D09329-A33F-4A32-986C-A9F274099BEE}.AppStore|ARM.ActiveCfg = Release|ARM
		{08D09329-A33F-4A32-986C-A9F274099BEE}.AppStore|ARM.Build.0 = Release|ARM
		{08D09329-A33F-4A32-986C-A9F274099BEE}.AppStore|iPhone.ActiveCfg = Release|Any CPU
		{08D09329-A33F-4A32-986C-A9F274099BEE}.AppStore|iPhone.Build.0 = Release|Any CPU
		{08D09329-A33F-4A32-986C-A9F274099BEE}.AppStore|iPhoneSimulator.ActiveCfg = Release|Any CPU
		{08D09329-A33F-4A32-986C-A9F274099BEE}.AppStore|iPhoneSimulator.Build.0 = Release|Any CPU
		{08D09329-A33F-4A32-986C-A9F274099BEE}.AppStore|x64.ActiveCfg = Release|x64
		{08D09329-A33F-4A32-986C-A9F274099BEE}.AppStore|x64.Build.0 = Release|x64
		{08D09329-A33F-4A32-986C-A9F274099BEE}.AppStore|x86.ActiveCfg = Release|x86
		{08D09329-A33F-4A32-986C-A9F274099BEE}.AppStore|x86.Build.0 = Release|x86
		{08D09329-A33F-4A32-986C-A9F274099BEE}.Debug|Any CPU.ActiveCfg = Debug|Any CPU
		{08D09329-A33F-4A32-986C-A9F274099BEE}.Debug|Any CPU.Build.0 = Debug|Any CPU
		{08D09329-A33F-4A32-986C-A9F274099BEE}.Debug|ARM.ActiveCfg = Debug|ARM
		{08D09329-A33F-4A32-986C-A9F274099BEE}.Debug|ARM.Build.0 = Debug|ARM
		{08D09329-A33F-4A32-986C-A9F274099BEE}.Debug|iPhone.ActiveCfg = Debug|Any CPU
		{08D09329-A33F-4A32-986C-A9F274099BEE}.Debug|iPhone.Build.0 = Debug|Any CPU
		{08D09329-A33F-4A32-986C-A9F274099BEE}.Debug|iPhoneSimulator.ActiveCfg = Debug|Any CPU
		{08D09329-A33F-4A32-986C-A9F274099BEE}.Debug|iPhoneSimulator.Build.0 = Debug|Any CPU
		{08D09329-A33F-4A32-986C-A9F274099BEE}.Debug|x64.ActiveCfg = Debug|x64
		{08D09329-A33F-4A32-986C-A9F274099BEE}.Debug|x64.Build.0 = Debug|x64
		{08D09329-A33F-4A32-986C-A9F274099BEE}.Debug|x86.ActiveCfg = Debug|x86
		{08D09329-A33F-4A32-986C-A9F274099BEE}.Debug|x86.Build.0 = Debug|x86
		{08D09329-A33F-4A32-986C-A9F274099BEE}.Release|Any CPU.ActiveCfg = Release|Any CPU
		{08D09329-A33F-4A32-986C-A9F274099BEE}.Release|Any CPU.Build.0 = Release|Any CPU
		{08D09329-A33F-4A32-986C-A9F274099BEE}.Release|ARM.ActiveCfg = Release|ARM
		{08D09329-A33F-4A32-986C-A9F274099BEE}.Release|ARM.Build.0 = Release|ARM
		{08D09329-A33F-4A32-986C-A9F274099BEE}.Release|iPhone.ActiveCfg = Release|Any CPU
		{08D09329-A33F-4A32-986C-A9F274099BEE}.Release|iPhone.Build.0 = Release|Any CPU
		{08D09329-A33F-4A32-986C-A9F274099BEE}.Release|iPhoneSimulator.ActiveCfg = Release|Any CPU
		{08D09329-A33F-4A32-986C-A9F274099BEE}.Release|iPhoneSimulator.Build.0 = Release|Any CPU
		{08D09329-A33F-4A32-986C-A9F274099BEE}.Release|x64.ActiveCfg = Release|x64
		{08D09329-A33F-4A32-986C-A9F274099BEE}.Release|x64.Build.0 = Release|x64
		{08D09329-A33F-4A32-986C-A9F274099BEE}.Release|x86.ActiveCfg = Release|x86
		{08D09329-A33F-4A32-986C-A9F274099BEE}.Release|x86.Build.0 = Release|x86
		{7DCF6EC9-1095-4C06-A36F-34D25AA99F85}.Ad-Hoc|Any CPU.ActiveCfg = Release|Any CPU
		{7DCF6EC9-1095-4C06-A36F-34D25AA99F85}.Ad-Hoc|Any CPU.Build.0 = Release|Any CPU
		{7DCF6EC9-1095-4C06-A36F-34D25AA99F85}.Ad-Hoc|ARM.ActiveCfg = Release|ARM
		{7DCF6EC9-1095-4C06-A36F-34D25AA99F85}.Ad-Hoc|ARM.Build.0 = Release|ARM
		{7DCF6EC9-1095-4C06-A36F-34D25AA99F85}.Ad-Hoc|iPhone.ActiveCfg = Release|Any CPU
		{7DCF6EC9-1095-4C06-A36F-34D25AA99F85}.Ad-Hoc|iPhone.Build.0 = Release|Any CPU
		{7DCF6EC9-1095-4C06-A36F-34D25AA99F85}.Ad-Hoc|iPhoneSimulator.ActiveCfg = Release|Any CPU
		{7DCF6EC9-1095-4C06-A36F-34D25AA99F85}.Ad-Hoc|iPhoneSimulator.Build.0 = Release|Any CPU
		{7DCF6EC9-1095-4C06-A36F-34D25AA99F85}.Ad-Hoc|x64.ActiveCfg = Release|x64
		{7DCF6EC9-1095-4C06-A36F-34D25AA99F85}.Ad-Hoc|x64.Build.0 = Release|x64
		{7DCF6EC9-1095-4C06-A36F-34D25AA99F85}.Ad-Hoc|x86.ActiveCfg = Release|x86
		{7DCF6EC9-1095-4C06-A36F-34D25AA99F85}.Ad-Hoc|x86.Build.0 = Release|x86
		{7DCF6EC9-1095-4C06-A36F-34D25AA99F85}.AppStore|Any CPU.ActiveCfg = Release|Any CPU
		{7DCF6EC9-1095-4C06-A36F-34D25AA99F85}.AppStore|Any CPU.Build.0 = Release|Any CPU
		{7DCF6EC9-1095-4C06-A36F-34D25AA99F85}.AppStore|ARM.ActiveCfg = Release|ARM
		{7DCF6EC9-1095-4C06-A36F-34D25AA99F85}.AppStore|ARM.Build.0 = Release|ARM
		{7DCF6EC9-1095-4C06-A36F-34D25AA99F85}.AppStore|iPhone.ActiveCfg = Release|Any CPU
		{7DCF6EC9-1095-4C06-A36F-34D25AA99F85}.AppStore|iPhone.Build.0 = Release|Any CPU
		{7DCF6EC9-1095-4C06-A36F-34D25AA99F85}.AppStore|iPhoneSimulator.ActiveCfg = Release|Any CPU
		{7DCF6EC9-1095-4C06-A36F-34D25AA99F85}.AppStore|iPhoneSimulator.Build.0 = Release|Any CPU
		{7DCF6EC9-1095-4C06-A36F-34D25AA99F85}.AppStore|x64.ActiveCfg = Release|x64
		{7DCF6EC9-1095-4C06-A36F-34D25AA99F85}.AppStore|x64.Build.0 = Release|x64
		{7DCF6EC9-1095-4C06-A36F-34D25AA99F85}.AppStore|x86.ActiveCfg = Release|x86
		{7DCF6EC9-1095-4C06-A36F-34D25AA99F85}.AppStore|x86.Build.0 = Release|x86
		{7DCF6EC9-1095-4C06-A36F-34D25AA99F85}.Debug|Any CPU.ActiveCfg = Debug|Any CPU
		{7DCF6EC9-1095-4C06-A36F-34D25AA99F85}.Debug|Any CPU.Build.0 = Debug|Any CPU
		{7DCF6EC9-1095-4C06-A36F-34D25AA99F85}.Debug|ARM.ActiveCfg = Debug|ARM
		{7DCF6EC9-1095-4C06-A36F-34D25AA99F85}.Debug|ARM.Build.0 = Debug|ARM
		{7DCF6EC9-1095-4C06-A36F-34D25AA99F85}.Debug|iPhone.ActiveCfg = Debug|Any CPU
		{7DCF6EC9-1095-4C06-A36F-34D25AA99F85}.Debug|iPhone.Build.0 = Debug|Any CPU
		{7DCF6EC9-1095-4C06-A36F-34D25AA99F85}.Debug|iPhoneSimulator.ActiveCfg = Debug|Any CPU
		{7DCF6EC9-1095-4C06-A36F-34D25AA99F85}.Debug|iPhoneSimulator.Build.0 = Debug|Any CPU
		{7DCF6EC9-1095-4C06-A36F-34D25AA99F85}.Debug|x64.ActiveCfg = Debug|x64
		{7DCF6EC9-1095-4C06-A36F-34D25AA99F85}.Debug|x64.Build.0 = Debug|x64
		{7DCF6EC9-1095-4C06-A36F-34D25AA99F85}.Debug|x86.ActiveCfg = Debug|x86
		{7DCF6EC9-1095-4C06-A36F-34D25AA99F85}.Debug|x86.Build.0 = Debug|x86
		{7DCF6EC9-1095-4C06-A36F-34D25AA99F85}.Release|Any CPU.ActiveCfg = Release|Any CPU
		{7DCF6EC9-1095-4C06-A36F-34D25AA99F85}.Release|Any CPU.Build.0 = Release|Any CPU
		{7DCF6EC9-1095-4C06-A36F-34D25AA99F85}.Release|ARM.ActiveCfg = Release|ARM
		{7DCF6EC9-1095-4C06-A36F-34D25AA99F85}.Release|ARM.Build.0 = Release|ARM
		{7DCF6EC9-1095-4C06-A36F-34D25AA99F85}.Release|iPhone.ActiveCfg = Release|Any CPU
		{7DCF6EC9-1095-4C06-A36F-34D25AA99F85}.Release|iPhone.Build.0 = Release|Any CPU
		{7DCF6EC9-1095-4C06-A36F-34D25AA99F85}.Release|iPhoneSimulator.ActiveCfg = Release|Any CPU
		{7DCF6EC9-1095-4C06-A36F-34D25AA99F85}.Release|iPhoneSimulator.Build.0 = Release|Any CPU
		{7DCF6EC9-1095-4C06-A36F-34D25AA99F85}.Release|x64.ActiveCfg = Release|x64
		{7DCF6EC9-1095-4C06-A36F-34D25AA99F85}.Release|x64.Build.0 = Release|x64
		{7DCF6EC9-1095-4C06-A36F-34D25AA99F85}.Release|x86.ActiveCfg = Release|x86
		{7DCF6EC9-1095-4C06-A36F-34D25AA99F85}.Release|x86.Build.0 = Release|x86
		{D8B6B84F-A10B-421E-9864-45918A74E4E3}.Ad-Hoc|Any CPU.ActiveCfg = Release|Any CPU
		{D8B6B84F-A10B-421E-9864-45918A74E4E3}.Ad-Hoc|Any CPU.Build.0 = Release|Any CPU
		{D8B6B84F-A10B-421E-9864-45918A74E4E3}.Ad-Hoc|ARM.ActiveCfg = Release|ARM
		{D8B6B84F-A10B-421E-9864-45918A74E4E3}.Ad-Hoc|ARM.Build.0 = Release|ARM
		{D8B6B84F-A10B-421E-9864-45918A74E4E3}.Ad-Hoc|iPhone.ActiveCfg = Release|Any CPU
		{D8B6B84F-A10B-421E-9864-45918A74E4E3}.Ad-Hoc|iPhone.Build.0 = Release|Any CPU
		{D8B6B84F-A10B-421E-9864-45918A74E4E3}.Ad-Hoc|iPhoneSimulator.ActiveCfg = Release|Any CPU
		{D8B6B84F-A10B-421E-9864-45918A74E4E3}.Ad-Hoc|iPhoneSimulator.Build.0 = Release|Any CPU
		{D8B6B84F-A10B-421E-9864-45918A74E4E3}.Ad-Hoc|x64.ActiveCfg = Release|Any CPU
		{D8B6B84F-A10B-421E-9864-45918A74E4E3}.Ad-Hoc|x64.Build.0 = Release|Any CPU
		{D8B6B84F-A10B-421E-9864-45918A74E4E3}.Ad-Hoc|x86.ActiveCfg = Release|x86
		{D8B6B84F-A10B-421E-9864-45918A74E4E3}.Ad-Hoc|x86.Build.0 = Release|x86
		{D8B6B84F-A10B-421E-9864-45918A74E4E3}.AppStore|Any CPU.ActiveCfg = Release|Any CPU
		{D8B6B84F-A10B-421E-9864-45918A74E4E3}.AppStore|Any CPU.Build.0 = Release|Any CPU
		{D8B6B84F-A10B-421E-9864-45918A74E4E3}.AppStore|ARM.ActiveCfg = Release|ARM
		{D8B6B84F-A10B-421E-9864-45918A74E4E3}.AppStore|ARM.Build.0 = Release|ARM
		{D8B6B84F-A10B-421E-9864-45918A74E4E3}.AppStore|iPhone.ActiveCfg = Release|Any CPU
		{D8B6B84F-A10B-421E-9864-45918A74E4E3}.AppStore|iPhone.Build.0 = Release|Any CPU
		{D8B6B84F-A10B-421E-9864-45918A74E4E3}.AppStore|iPhoneSimulator.ActiveCfg = Release|Any CPU
		{D8B6B84F-A10B-421E-9864-45918A74E4E3}.AppStore|iPhoneSimulator.Build.0 = Release|Any CPU
		{D8B6B84F-A10B-421E-9864-45918A74E4E3}.AppStore|x64.ActiveCfg = Release|Any CPU
		{D8B6B84F-A10B-421E-9864-45918A74E4E3}.AppStore|x64.Build.0 = Release|Any CPU
		{D8B6B84F-A10B-421E-9864-45918A74E4E3}.AppStore|x86.ActiveCfg = Release|x86
		{D8B6B84F-A10B-421E-9864-45918A74E4E3}.AppStore|x86.Build.0 = Release|x86
		{D8B6B84F-A10B-421E-9864-45918A74E4E3}.Debug|Any CPU.ActiveCfg = Debug|Any CPU
		{D8B6B84F-A10B-421E-9864-45918A74E4E3}.Debug|Any CPU.Build.0 = Debug|Any CPU
		{D8B6B84F-A10B-421E-9864-45918A74E4E3}.Debug|ARM.ActiveCfg = Debug|ARM
		{D8B6B84F-A10B-421E-9864-45918A74E4E3}.Debug|ARM.Build.0 = Debug|ARM
		{D8B6B84F-A10B-421E-9864-45918A74E4E3}.Debug|iPhone.ActiveCfg = Debug|Any CPU
		{D8B6B84F-A10B-421E-9864-45918A74E4E3}.Debug|iPhone.Build.0 = Debug|Any CPU
		{D8B6B84F-A10B-421E-9864-45918A74E4E3}.Debug|iPhoneSimulator.ActiveCfg = Debug|Any CPU
		{D8B6B84F-A10B-421E-9864-45918A74E4E3}.Debug|iPhoneSimulator.Build.0 = Debug|Any CPU
		{D8B6B84F-A10B-421E-9864-45918A74E4E3}.Debug|x64.ActiveCfg = Debug|Any CPU
		{D8B6B84F-A10B-421E-9864-45918A74E4E3}.Debug|x64.Build.0 = Debug|Any CPU
		{D8B6B84F-A10B-421E-9864-45918A74E4E3}.Debug|x86.ActiveCfg = Debug|x86
		{D8B6B84F-A10B-421E-9864-45918A74E4E3}.Debug|x86.Build.0 = Debug|x86
		{D8B6B84F-A10B-421E-9864-45918A74E4E3}.Release|Any CPU.ActiveCfg = Release|Any CPU
		{D8B6B84F-A10B-421E-9864-45918A74E4E3}.Release|Any CPU.Build.0 = Release|Any CPU
		{D8B6B84F-A10B-421E-9864-45918A74E4E3}.Release|ARM.ActiveCfg = Release|ARM
		{D8B6B84F-A10B-421E-9864-45918A74E4E3}.Release|ARM.Build.0 = Release|ARM
		{D8B6B84F-A10B-421E-9864-45918A74E4E3}.Release|iPhone.ActiveCfg = Release|Any CPU
		{D8B6B84F-A10B-421E-9864-45918A74E4E3}.Release|iPhone.Build.0 = Release|Any CPU
		{D8B6B84F-A10B-421E-9864-45918A74E4E3}.Release|iPhoneSimulator.ActiveCfg = Release|Any CPU
		{D8B6B84F-A10B-421E-9864-45918A74E4E3}.Release|iPhoneSimulator.Build.0 = Release|Any CPU
		{D8B6B84F-A10B-421E-9864-45918A74E4E3}.Release|x64.ActiveCfg = Release|Any CPU
		{D8B6B84F-A10B-421E-9864-45918A74E4E3}.Release|x64.Build.0 = Release|Any CPU
		{D8B6B84F-A10B-421E-9864-45918A74E4E3}.Release|x86.ActiveCfg = Release|x86
		{D8B6B84F-A10B-421E-9864-45918A74E4E3}.Release|x86.Build.0 = Release|x86
		{14F70C11-966D-469E-B507-66F5B9172056}.Ad-Hoc|Any CPU.ActiveCfg = Release|Any CPU
		{14F70C11-966D-469E-B507-66F5B9172056}.Ad-Hoc|Any CPU.Build.0 = Release|Any CPU
		{14F70C11-966D-469E-B507-66F5B9172056}.Ad-Hoc|ARM.ActiveCfg = Release|Any CPU
		{14F70C11-966D-469E-B507-66F5B9172056}.Ad-Hoc|ARM.Build.0 = Release|Any CPU
		{14F70C11-966D-469E-B507-66F5B9172056}.Ad-Hoc|iPhone.ActiveCfg = Release|Any CPU
		{14F70C11-966D-469E-B507-66F5B9172056}.Ad-Hoc|iPhone.Build.0 = Release|Any CPU
		{14F70C11-966D-469E-B507-66F5B9172056}.Ad-Hoc|iPhoneSimulator.ActiveCfg = Release|Any CPU
		{14F70C11-966D-469E-B507-66F5B9172056}.Ad-Hoc|iPhoneSimulator.Build.0 = Release|Any CPU
		{14F70C11-966D-469E-B507-66F5B9172056}.Ad-Hoc|x64.ActiveCfg = Release|Any CPU
		{14F70C11-966D-469E-B507-66F5B9172056}.Ad-Hoc|x64.Build.0 = Release|Any CPU
		{14F70C11-966D-469E-B507-66F5B9172056}.Ad-Hoc|x86.ActiveCfg = Release|Any CPU
		{14F70C11-966D-469E-B507-66F5B9172056}.Ad-Hoc|x86.Build.0 = Release|Any CPU
		{14F70C11-966D-469E-B507-66F5B9172056}.AppStore|Any CPU.ActiveCfg = Release|Any CPU
		{14F70C11-966D-469E-B507-66F5B9172056}.AppStore|Any CPU.Build.0 = Release|Any CPU
		{14F70C11-966D-469E-B507-66F5B9172056}.AppStore|ARM.ActiveCfg = Release|Any CPU
		{14F70C11-966D-469E-B507-66F5B9172056}.AppStore|ARM.Build.0 = Release|Any CPU
		{14F70C11-966D-469E-B507-66F5B9172056}.AppStore|iPhone.ActiveCfg = Release|Any CPU
		{14F70C11-966D-469E-B507-66F5B9172056}.AppStore|iPhone.Build.0 = Release|Any CPU
		{14F70C11-966D-469E-B507-66F5B9172056}.AppStore|iPhoneSimulator.ActiveCfg = Release|Any CPU
		{14F70C11-966D-469E-B507-66F5B9172056}.AppStore|iPhoneSimulator.Build.0 = Release|Any CPU
		{14F70C11-966D-469E-B507-66F5B9172056}.AppStore|x64.ActiveCfg = Release|Any CPU
		{14F70C11-966D-469E-B507-66F5B9172056}.AppStore|x64.Build.0 = Release|Any CPU
		{14F70C11-966D-469E-B507-66F5B9172056}.AppStore|x86.ActiveCfg = Release|Any CPU
		{14F70C11-966D-469E-B507-66F5B9172056}.AppStore|x86.Build.0 = Release|Any CPU
		{14F70C11-966D-469E-B507-66F5B9172056}.Debug|Any CPU.ActiveCfg = Debug|Any CPU
		{14F70C11-966D-469E-B507-66F5B9172056}.Debug|Any CPU.Build.0 = Debug|Any CPU
		{14F70C11-966D-469E-B507-66F5B9172056}.Debug|ARM.ActiveCfg = Debug|Any CPU
		{14F70C11-966D-469E-B507-66F5B9172056}.Debug|ARM.Build.0 = Debug|Any CPU
		{14F70C11-966D-469E-B507-66F5B9172056}.Debug|iPhone.ActiveCfg = Debug|Any CPU
		{14F70C11-966D-469E-B507-66F5B9172056}.Debug|iPhone.Build.0 = Debug|Any CPU
		{14F70C11-966D-469E-B507-66F5B9172056}.Debug|iPhoneSimulator.ActiveCfg = Debug|Any CPU
		{14F70C11-966D-469E-B507-66F5B9172056}.Debug|iPhoneSimulator.Build.0 = Debug|Any CPU
		{14F70C11-966D-469E-B507-66F5B9172056}.Debug|x64.ActiveCfg = Debug|Any CPU
		{14F70C11-966D-469E-B507-66F5B9172056}.Debug|x64.Build.0 = Debug|Any CPU
		{14F70C11-966D-469E-B507-66F5B9172056}.Debug|x86.ActiveCfg = Debug|Any CPU
		{14F70C11-966D-469E-B507-66F5B9172056}.Debug|x86.Build.0 = Debug|Any CPU
		{14F70C11-966D-469E-B507-66F5B9172056}.Release|Any CPU.ActiveCfg = Release|Any CPU
		{14F70C11-966D-469E-B507-66F5B9172056}.Release|Any CPU.Build.0 = Release|Any CPU
		{14F70C11-966D-469E-B507-66F5B9172056}.Release|ARM.ActiveCfg = Release|Any CPU
		{14F70C11-966D-469E-B507-66F5B9172056}.Release|ARM.Build.0 = Release|Any CPU
		{14F70C11-966D-469E-B507-66F5B9172056}.Release|iPhone.ActiveCfg = Release|Any CPU
		{14F70C11-966D-469E-B507-66F5B9172056}.Release|iPhone.Build.0 = Release|Any CPU
		{14F70C11-966D-469E-B507-66F5B9172056}.Release|iPhoneSimulator.ActiveCfg = Release|Any CPU
		{14F70C11-966D-469E-B507-66F5B9172056}.Release|iPhoneSimulator.Build.0 = Release|Any CPU
		{14F70C11-966D-469E-B507-66F5B9172056}.Release|x64.ActiveCfg = Release|Any CPU
		{14F70C11-966D-469E-B507-66F5B9172056}.Release|x64.Build.0 = Release|Any CPU
		{14F70C11-966D-469E-B507-66F5B9172056}.Release|x86.ActiveCfg = Release|Any CPU
		{14F70C11-966D-469E-B507-66F5B9172056}.Release|x86.Build.0 = Release|Any CPU
	EndGlobalSection
	GlobalSection(SolutionProperties) = preSolution
		HideSolutionNode = FALSE
	EndGlobalSection
EndGlobal
